
Microsoft Visual Studio Solution File, Format Version 12.00
# Visual Studio Version 16
VisualStudioVersion = 25.0.1706.1
MinimumVisualStudioVersion = 10.0.40219.1
Project("{2150E333-8FDC-42A3-9474-1A3956D46DE8}") = "src", "src", "{6373C7F4-A160-4241-A1EB-CBC181E06F09}"
EndProject
Project("{2150E333-8FDC-42A3-9474-1A3956D46DE8}") = "Core", "Core", "{F9AC3E71-72D2-4E7D-BC57-D7E9566A9463}"
EndProject
Project("{2150E333-8FDC-42A3-9474-1A3956D46DE8}") = "Infrastructure", "Infrastructure", "{60869AAE-66F1-42DA-B5C2-77AA17F5386F}"
EndProject
Project("{2150E333-8FDC-42A3-9474-1A3956D46DE8}") = "Web", "Web", "{BA267BB2-7808-4495-AB28-786D6D906559}"
EndProject
Project("{FAE04EC0-301F-11D3-BF4B-00C04F79EFBC}") = "RealEstate.Domain", "src\Core\RealEstate.Domain\RealEstate.Domain.csproj", "{4DB4A09C-35CF-4A12-978D-8ADBDB2F8456}"
EndProject
Project("{FAE04EC0-301F-11D3-BF4B-00C04F79EFBC}") = "RealEstate.Application", "src\Core\RealEstate.Application\RealEstate.Application.csproj", "{7431CAFA-2239-4DB6-8E60-48947DADD5E0}"
EndProject
Project("{FAE04EC0-301F-11D3-BF4B-00C04F79EFBC}") = "Persistence", "src\Infrastructure\Persistence\Persistence.csproj", "{C71C0AF6-40C1-498B-AA07-295EE5B05D29}"
EndProject
Project("{FAE04EC0-301F-11D3-BF4B-00C04F79EFBC}") = "Common", "src\Common\Common.csproj", "{6BCA71AD-C29F-4040-88D0-EDB14C6019DB}"
EndProject
Project("{FAE04EC0-301F-11D3-BF4B-00C04F79EFBC}") = "Bootstrapper", "src\Bootstrapper\Bootstrapper.csproj", "{632FE219-A650-4D4A-936F-A9A18D276B2F}"
EndProject
Project("{FAE04EC0-301F-11D3-BF4B-00C04F79EFBC}") = "RealEstate.WebAPI", "src\Web\RealEstate.WebAPI\RealEstate.WebAPI.csproj", "{84F86960-81B4-4BC5-9630-FBF4B4A3322B}"
EndProject
Project("{E53339B2-1760-4266-BCC7-CA923CBCF16C}") = "docker-compose", "docker-compose.dcproj", "{CC6C2B97-A589-4204-B450-5143D71172C7}"
EndProject
Global
	GlobalSection(SolutionConfigurationPlatforms) = preSolution
		Debug|Any CPU = Debug|Any CPU
		Release|Any CPU = Release|Any CPU
	EndGlobalSection
	GlobalSection(ProjectConfigurationPlatforms) = postSolution
		{4DB4A09C-35CF-4A12-978D-8ADBDB2F8456}.Debug|Any CPU.ActiveCfg = Debug|Any CPU
		{4DB4A09C-35CF-4A12-978D-8ADBDB2F8456}.Debug|Any CPU.Build.0 = Debug|Any CPU
		{4DB4A09C-35CF-4A12-978D-8ADBDB2F8456}.Release|Any CPU.ActiveCfg = Release|Any CPU
		{4DB4A09C-35CF-4A12-978D-8ADBDB2F8456}.Release|Any CPU.Build.0 = Release|Any CPU
		{7431CAFA-2239-4DB6-8E60-48947DADD5E0}.Debug|Any CPU.ActiveCfg = Debug|Any CPU
		{7431CAFA-2239-4DB6-8E60-48947DADD5E0}.Debug|Any CPU.Build.0 = Debug|Any CPU
		{7431CAFA-2239-4DB6-8E60-48947DADD5E0}.Release|Any CPU.ActiveCfg = Release|Any CPU
		{7431CAFA-2239-4DB6-8E60-48947DADD5E0}.Release|Any CPU.Build.0 = Release|Any CPU
		{C71C0AF6-40C1-498B-AA07-295EE5B05D29}.Debug|Any CPU.ActiveCfg = Debug|Any CPU
		{C71C0AF6-40C1-498B-AA07-295EE5B05D29}.Debug|Any CPU.Build.0 = Debug|Any CPU
		{C71C0AF6-40C1-498B-AA07-295EE5B05D29}.Release|Any CPU.ActiveCfg = Release|Any CPU
		{C71C0AF6-40C1-498B-AA07-295EE5B05D29}.Release|Any CPU.Build.0 = Release|Any CPU
		{6BCA71AD-C29F-4040-88D0-EDB14C6019DB}.Debug|Any CPU.ActiveCfg = Debug|Any CPU
		{6BCA71AD-C29F-4040-88D0-EDB14C6019DB}.Debug|Any CPU.Build.0 = Debug|Any CPU
		{6BCA71AD-C29F-4040-88D0-EDB14C6019DB}.Release|Any CPU.ActiveCfg = Release|Any CPU
		{6BCA71AD-C29F-4040-88D0-EDB14C6019DB}.Release|Any CPU.Build.0 = Release|Any CPU
		{632FE219-A650-4D4A-936F-A9A18D276B2F}.Debug|Any CPU.ActiveCfg = Debug|Any CPU
		{632FE219-A650-4D4A-936F-A9A18D276B2F}.Debug|Any CPU.Build.0 = Debug|Any CPU
		{632FE219-A650-4D4A-936F-A9A18D276B2F}.Release|Any CPU.ActiveCfg = Release|Any CPU
		{632FE219-A650-4D4A-936F-A9A18D276B2F}.Release|Any CPU.Build.0 = Release|Any CPU
		{84F86960-81B4-4BC5-9630-FBF4B4A3322B}.Debug|Any CPU.ActiveCfg = Debug|Any CPU
		{84F86960-81B4-4BC5-9630-FBF4B4A3322B}.Debug|Any CPU.Build.0 = Debug|Any CPU
		{84F86960-81B4-4BC5-9630-FBF4B4A3322B}.Release|Any CPU.ActiveCfg = Release|Any CPU
		{84F86960-81B4-4BC5-9630-FBF4B4A3322B}.Release|Any CPU.Build.0 = Release|Any CPU
		{CC6C2B97-A589-4204-B450-5143D71172C7}.Debug|Any CPU.ActiveCfg = Debug|Any CPU
		{CC6C2B97-A589-4204-B450-5143D71172C7}.Debug|Any CPU.Build.0 = Debug|Any CPU
		{CC6C2B97-A589-4204-B450-5143D71172C7}.Release|Any CPU.ActiveCfg = Release|Any CPU
		{CC6C2B97-A589-4204-B450-5143D71172C7}.Release|Any CPU.Build.0 = Release|Any CPU
	EndGlobalSection
	GlobalSection(SolutionProperties) = preSolution
		HideSolutionNode = FALSE
	EndGlobalSection
	GlobalSection(ExtensibilityGlobals) = postSolution
		SolutionGuid = {F203D306-C2D9-4334-A4DF-C43FC25130EC}
	EndGlobalSection
	GlobalSection(NestedProjects) = preSolution
		{F9AC3E71-72D2-4E7D-BC57-D7E9566A9463} = {6373C7F4-A160-4241-A1EB-CBC181E06F09}
		{60869AAE-66F1-42DA-B5C2-77AA17F5386F} = {6373C7F4-A160-4241-A1EB-CBC181E06F09}
		{BA267BB2-7808-4495-AB28-786D6D906559} = {6373C7F4-A160-4241-A1EB-CBC181E06F09}
		{4DB4A09C-35CF-4A12-978D-8ADBDB2F8456} = {F9AC3E71-72D2-4E7D-BC57-D7E9566A9463}
		{7431CAFA-2239-4DB6-8E60-48947DADD5E0} = {F9AC3E71-72D2-4E7D-BC57-D7E9566A9463}
		{C71C0AF6-40C1-498B-AA07-295EE5B05D29} = {60869AAE-66F1-42DA-B5C2-77AA17F5386F}
		{6BCA71AD-C29F-4040-88D0-EDB14C6019DB} = {6373C7F4-A160-4241-A1EB-CBC181E06F09}
		{632FE219-A650-4D4A-936F-A9A18D276B2F} = {6373C7F4-A160-4241-A1EB-CBC181E06F09}
		{84F86960-81B4-4BC5-9630-FBF4B4A3322B} = {BA267BB2-7808-4495-AB28-786D6D906559}
	EndGlobalSection
EndGlobal
